
Microsoft Visual Studio Solution File, Format Version 12.00
# Visual Studio Version 16
VisualStudioVersion = 16.0.29926.136
MinimumVisualStudioVersion = 10.0.40219.1
Project("{FAE04EC0-301F-11D3-BF4B-00C04F79EFBC}") = "aop", "aop\aop.csproj", "{C615587D-DAB3-4645-9F49-1AFD51397B22}"
EndProject
Global
	GlobalSection(SolutionConfigurationPlatforms) = preSolution
		Debug|Any CPU = Debug|Any CPU
		Release|Any CPU = Release|Any CPU
	EndGlobalSection
	GlobalSection(ProjectConfigurationPlatforms) = postSolution
		{C615587D-DAB3-4645-9F49-1AFD51397B22}.Debug|Any CPU.ActiveCfg = Debug|Any CPU
		{C615587D-DAB3-4645-9F49-1AFD51397B22}.Debug|Any CPU.Build.0 = Debug|Any CPU
		{C615587D-DAB3-4645-9F49-1AFD51397B22}.Release|Any CPU.ActiveCfg = Release|Any CPU
		{C615587D-DAB3-4645-9F49-1AFD51397B22}.Release|Any CPU.Build.0 = Release|Any CPU
	EndGlobalSection
	GlobalSection(SolutionProperties) = preSolution
		HideSolutionNode = FALSE
	EndGlobalSection
	GlobalSection(ExtensibilityGlobals) = postSolution
		SolutionGuid = {45B40FC8-8130-4BE7-B0EE-C1A74EC7128B}
	EndGlobalSection
EndGlobal
